// !$*UTF8*$!
{
	archiveVersion = 1;
	classes = {
	};
	objectVersion = 50;
	objects = {

/* Begin PBXBuildFile section */
		36E85C5024532D5300D3B151 /* AppDelegate.swift in Sources */ = {isa = PBXBuildFile; fileRef = 36E85C4F24532D5300D3B151 /* AppDelegate.swift */; };
		36E85C5224532D5300D3B151 /* SceneDelegate.swift in Sources */ = {isa = PBXBuildFile; fileRef = 36E85C5124532D5300D3B151 /* SceneDelegate.swift */; };
		36E85C5424532D5300D3B151 /* ViewController.swift in Sources */ = {isa = PBXBuildFile; fileRef = 36E85C5324532D5300D3B151 /* ViewController.swift */; };
		36E85C5724532D5300D3B151 /* Main.storyboard in Resources */ = {isa = PBXBuildFile; fileRef = 36E85C5524532D5300D3B151 /* Main.storyboard */; };
		36E85C5924532D5400D3B151 /* Assets.xcassets in Resources */ = {isa = PBXBuildFile; fileRef = 36E85C5824532D5400D3B151 /* Assets.xcassets */; };
		36E85C5C24532D5400D3B151 /* LaunchScreen.storyboard in Resources */ = {isa = PBXBuildFile; fileRef = 36E85C5A24532D5400D3B151 /* LaunchScreen.storyboard */; };
		36E85C6A24532EA800D3B151 /* ShareViewController.swift in Sources */ = {isa = PBXBuildFile; fileRef = 36E85C6924532EA800D3B151 /* ShareViewController.swift */; };
		36E85C7124532EA800D3B151 /* ShareExtension101Share.appex in Embed App Extensions */ = {isa = PBXBuildFile; fileRef = 36E85C6724532EA800D3B151 /* ShareExtension101Share.appex */; settings = {ATTRIBUTES = (RemoveHeadersOnCopy, ); }; };
/* End PBXBuildFile section */

/* Begin PBXContainerItemProxy section */
		36E85C6F24532EA800D3B151 /* PBXContainerItemProxy */ = {
			isa = PBXContainerItemProxy;
			containerPortal = 36E85C4424532D5300D3B151 /* Project object */;
			proxyType = 1;
			remoteGlobalIDString = 36E85C6624532EA800D3B151;
			remoteInfo = ShareExtension101Share;
		};
/* End PBXContainerItemProxy section */

/* Begin PBXCopyFilesBuildPhase section */
		36E85C7224532EA800D3B151 /* Embed App Extensions */ = {
			isa = PBXCopyFilesBuildPhase;
			buildActionMask = 2147483647;
			dstPath = "";
			dstSubfolderSpec = 13;
			files = (
				36E85C7124532EA800D3B151 /* ShareExtension101Share.appex in Embed App Extensions */,
			);
			name = "Embed App Extensions";
			runOnlyForDeploymentPostprocessing = 0;
		};
/* End PBXCopyFilesBuildPhase section */

/* Begin PBXFileReference section */
		36E85C4C24532D5300D3B151 /* ShareExtension101.app */ = {isa = PBXFileReference; explicitFileType = wrapper.application; includeInIndex = 0; path = ShareExtension101.app; sourceTree = BUILT_PRODUCTS_DIR; };
		36E85C4F24532D5300D3B151 /* AppDelegate.swift */ = {isa = PBXFileReference; lastKnownFileType = sourcecode.swift; path = AppDelegate.swift; sourceTree = "<group>"; };
		36E85C5124532D5300D3B151 /* SceneDelegate.swift */ = {isa = PBXFileReference; lastKnownFileType = sourcecode.swift; path = SceneDelegate.swift; sourceTree = "<group>"; };
		36E85C5324532D5300D3B151 /* ViewController.swift */ = {isa = PBXFileReference; lastKnownFileType = sourcecode.swift; path = ViewController.swift; sourceTree = "<group>"; };
		36E85C5624532D5300D3B151 /* Base */ = {isa = PBXFileReference; lastKnownFileType = file.storyboard; name = Base; path = Base.lproj/Main.storyboard; sourceTree = "<group>"; };
		36E85C5824532D5400D3B151 /* Assets.xcassets */ = {isa = PBXFileReference; lastKnownFileType = folder.assetcatalog; path = Assets.xcassets; sourceTree = "<group>"; };
		36E85C5B24532D5400D3B151 /* Base */ = {isa = PBXFileReference; lastKnownFileType = file.storyboard; name = Base; path = Base.lproj/LaunchScreen.storyboard; sourceTree = "<group>"; };
		36E85C5D24532D5400D3B151 /* Info.plist */ = {isa = PBXFileReference; lastKnownFileType = text.plist.xml; path = Info.plist; sourceTree = "<group>"; };
		36E85C6724532EA800D3B151 /* ShareExtension101Share.appex */ = {isa = PBXFileReference; explicitFileType = "wrapper.app-extension"; includeInIndex = 0; path = ShareExtension101Share.appex; sourceTree = BUILT_PRODUCTS_DIR; };
		36E85C6924532EA800D3B151 /* ShareViewController.swift */ = {isa = PBXFileReference; lastKnownFileType = sourcecode.swift; path = ShareViewController.swift; sourceTree = "<group>"; };
		36E85C6E24532EA800D3B151 /* Info.plist */ = {isa = PBXFileReference; lastKnownFileType = text.plist.xml; path = Info.plist; sourceTree = "<group>"; };
		36E85C782454A6FD00D3B151 /* ShareExtension101.entitlements */ = {isa = PBXFileReference; lastKnownFileType = text.plist.entitlements; path = ShareExtension101.entitlements; sourceTree = "<group>"; };
		36E85C792454A79B00D3B151 /* ShareExtension101Share.entitlements */ = {isa = PBXFileReference; lastKnownFileType = text.plist.entitlements; path = ShareExtension101Share.entitlements; sourceTree = "<group>"; };
/* End PBXFileReference section */

/* Begin PBXFrameworksBuildPhase section */
		36E85C4924532D5300D3B151 /* Frameworks */ = {
			isa = PBXFrameworksBuildPhase;
			buildActionMask = 2147483647;
			files = (
			);
			runOnlyForDeploymentPostprocessing = 0;
		};
		36E85C6424532EA800D3B151 /* Frameworks */ = {
			isa = PBXFrameworksBuildPhase;
			buildActionMask = 2147483647;
			files = (
			);
			runOnlyForDeploymentPostprocessing = 0;
		};
/* End PBXFrameworksBuildPhase section */

/* Begin PBXGroup section */
		36E85C4324532D5300D3B151 = {
			isa = PBXGroup;
			children = (
				36E85C4E24532D5300D3B151 /* ShareExtension101 */,
				36E85C6824532EA800D3B151 /* ShareExtension101Share */,
				36E85C4D24532D5300D3B151 /* Products */,
			);
			sourceTree = "<group>";
		};
		36E85C4D24532D5300D3B151 /* Products */ = {
			isa = PBXGroup;
			children = (
				36E85C4C24532D5300D3B151 /* ShareExtension101.app */,
				36E85C6724532EA800D3B151 /* ShareExtension101Share.appex */,
			);
			name = Products;
			sourceTree = "<group>";
		};
		36E85C4E24532D5300D3B151 /* ShareExtension101 */ = {
			isa = PBXGroup;
			children = (
				36E85C782454A6FD00D3B151 /* ShareExtension101.entitlements */,
				36E85C4F24532D5300D3B151 /* AppDelegate.swift */,
				36E85C5124532D5300D3B151 /* SceneDelegate.swift */,
				36E85C5324532D5300D3B151 /* ViewController.swift */,
				36E85C5524532D5300D3B151 /* Main.storyboard */,
				36E85C5824532D5400D3B151 /* Assets.xcassets */,
				36E85C5A24532D5400D3B151 /* LaunchScreen.storyboard */,
				36E85C5D24532D5400D3B151 /* Info.plist */,
			);
			path = ShareExtension101;
			sourceTree = "<group>";
		};
		36E85C6824532EA800D3B151 /* ShareExtension101Share */ = {
			isa = PBXGroup;
			children = (
				36E85C792454A79B00D3B151 /* ShareExtension101Share.entitlements */,
				36E85C6924532EA800D3B151 /* ShareViewController.swift */,
				36E85C6E24532EA800D3B151 /* Info.plist */,
			);
			path = ShareExtension101Share;
			sourceTree = "<group>";
		};
/* End PBXGroup section */

/* Begin PBXNativeTarget section */
		36E85C4B24532D5300D3B151 /* ShareExtension101 */ = {
			isa = PBXNativeTarget;
			buildConfigurationList = 36E85C6024532D5400D3B151 /* Build configuration list for PBXNativeTarget "ShareExtension101" */;
			buildPhases = (
				36E85C4824532D5300D3B151 /* Sources */,
				36E85C4924532D5300D3B151 /* Frameworks */,
				36E85C4A24532D5300D3B151 /* Resources */,
				36E85C7224532EA800D3B151 /* Embed App Extensions */,
			);
			buildRules = (
			);
			dependencies = (
				36E85C7024532EA800D3B151 /* PBXTargetDependency */,
			);
			name = ShareExtension101;
			productName = ShareExtension101;
			productReference = 36E85C4C24532D5300D3B151 /* ShareExtension101.app */;
			productType = "com.apple.product-type.application";
		};
		36E85C6624532EA800D3B151 /* ShareExtension101Share */ = {
			isa = PBXNativeTarget;
			buildConfigurationList = 36E85C7524532EA800D3B151 /* Build configuration list for PBXNativeTarget "ShareExtension101Share" */;
			buildPhases = (
				36E85C6324532EA800D3B151 /* Sources */,
				36E85C6424532EA800D3B151 /* Frameworks */,
				36E85C6524532EA800D3B151 /* Resources */,
			);
			buildRules = (
			);
			dependencies = (
			);
			name = ShareExtension101Share;
			productName = ShareExtension101Share;
			productReference = 36E85C6724532EA800D3B151 /* ShareExtension101Share.appex */;
			productType = "com.apple.product-type.app-extension";
		};
/* End PBXNativeTarget section */

/* Begin PBXProject section */
		36E85C4424532D5300D3B151 /* Project object */ = {
			isa = PBXProject;
			attributes = {
				LastSwiftUpdateCheck = 1130;
				LastUpgradeCheck = 1130;
				ORGANIZATIONNAME = "Damisi Pikuda";
				TargetAttributes = {
					36E85C4B24532D5300D3B151 = {
						CreatedOnToolsVersion = 11.3;
					};
					36E85C6624532EA800D3B151 = {
						CreatedOnToolsVersion = 11.3;
					};
				};
			};
			buildConfigurationList = 36E85C4724532D5300D3B151 /* Build configuration list for PBXProject "ShareExtension101" */;
			compatibilityVersion = "Xcode 9.3";
			developmentRegion = en;
			hasScannedForEncodings = 0;
			knownRegions = (
				en,
				Base,
			);
			mainGroup = 36E85C4324532D5300D3B151;
			productRefGroup = 36E85C4D24532D5300D3B151 /* Products */;
			projectDirPath = "";
			projectRoot = "";
			targets = (
				36E85C4B24532D5300D3B151 /* ShareExtension101 */,
				36E85C6624532EA800D3B151 /* ShareExtension101Share */,
			);
		};
/* End PBXProject section */

/* Begin PBXResourcesBuildPhase section */
		36E85C4A24532D5300D3B151 /* Resources */ = {
			isa = PBXResourcesBuildPhase;
			buildActionMask = 2147483647;
			files = (
				36E85C5C24532D5400D3B151 /* LaunchScreen.storyboard in Resources */,
				36E85C5924532D5400D3B151 /* Assets.xcassets in Resources */,
				36E85C5724532D5300D3B151 /* Main.storyboard in Resources */,
			);
			runOnlyForDeploymentPostprocessing = 0;
		};
		36E85C6524532EA800D3B151 /* Resources */ = {
			isa = PBXResourcesBuildPhase;
			buildActionMask = 2147483647;
			files = (
			);
			runOnlyForDeploymentPostprocessing = 0;
		};
/* End PBXResourcesBuildPhase section */

/* Begin PBXSourcesBuildPhase section */
		36E85C4824532D5300D3B151 /* Sources */ = {
			isa = PBXSourcesBuildPhase;
			buildActionMask = 2147483647;
			files = (
				36E85C5424532D5300D3B151 /* ViewController.swift in Sources */,
				36E85C5024532D5300D3B151 /* AppDelegate.swift in Sources */,
				36E85C5224532D5300D3B151 /* SceneDelegate.swift in Sources */,
			);
			runOnlyForDeploymentPostprocessing = 0;
		};
		36E85C6324532EA800D3B151 /* Sources */ = {
			isa = PBXSourcesBuildPhase;
			buildActionMask = 2147483647;
			files = (
				36E85C6A24532EA800D3B151 /* ShareViewController.swift in Sources */,
			);
			runOnlyForDeploymentPostprocessing = 0;
		};
/* End PBXSourcesBuildPhase section */

/* Begin PBXTargetDependency section */
		36E85C7024532EA800D3B151 /* PBXTargetDependency */ = {
			isa = PBXTargetDependency;
			target = 36E85C6624532EA800D3B151 /* ShareExtension101Share */;
			targetProxy = 36E85C6F24532EA800D3B151 /* PBXContainerItemProxy */;
		};
/* End PBXTargetDependency section */

/* Begin PBXVariantGroup section */
		36E85C5524532D5300D3B151 /* Main.storyboard */ = {
			isa = PBXVariantGroup;
			children = (
				36E85C5624532D5300D3B151 /* Base */,
			);
			name = Main.storyboard;
			sourceTree = "<group>";
		};
		36E85C5A24532D5400D3B151 /* LaunchScreen.storyboard */ = {
			isa = PBXVariantGroup;
			children = (
				36E85C5B24532D5400D3B151 /* Base */,
			);
			name = LaunchScreen.storyboard;
			sourceTree = "<group>";
		};
/* End PBXVariantGroup section */

/* Begin XCBuildConfiguration section */
		36E85C5E24532D5400D3B151 /* Debug */ = {
			isa = XCBuildConfiguration;
			buildSettings = {
				ALWAYS_SEARCH_USER_PATHS = NO;
				CLANG_ANALYZER_NONNULL = YES;
				CLANG_ANALYZER_NUMBER_OBJECT_CONVERSION = YES_AGGRESSIVE;
				CLANG_CXX_LANGUAGE_STANDARD = "gnu++14";
				CLANG_CXX_LIBRARY = "libc++";
				CLANG_ENABLE_MODULES = YES;
				CLANG_ENABLE_OBJC_ARC = YES;
				CLANG_ENABLE_OBJC_WEAK = YES;
				CLANG_WARN_BLOCK_CAPTURE_AUTORELEASING = YES;
				CLANG_WARN_BOOL_CONVERSION = YES;
				CLANG_WARN_COMMA = YES;
				CLANG_WARN_CONSTANT_CONVERSION = YES;
				CLANG_WARN_DEPRECATED_OBJC_IMPLEMENTATIONS = YES;
				CLANG_WARN_DIRECT_OBJC_ISA_USAGE = YES_ERROR;
				CLANG_WARN_DOCUMENTATION_COMMENTS = YES;
				CLANG_WARN_EMPTY_BODY = YES;
				CLANG_WARN_ENUM_CONVERSION = YES;
				CLANG_WARN_INFINITE_RECURSION = YES;
				CLANG_WARN_INT_CONVERSION = YES;
				CLANG_WARN_NON_LITERAL_NULL_CONVERSION = YES;
				CLANG_WARN_OBJC_IMPLICIT_RETAIN_SELF = YES;
				CLANG_WARN_OBJC_LITERAL_CONVERSION = YES;
				CLANG_WARN_OBJC_ROOT_CLASS = YES_ERROR;
				CLANG_WARN_RANGE_LOOP_ANALYSIS = YES;
				CLANG_WARN_STRICT_PROTOTYPES = YES;
				CLANG_WARN_SUSPICIOUS_MOVE = YES;
				CLANG_WARN_UNGUARDED_AVAILABILITY = YES_AGGRESSIVE;
				CLANG_WARN_UNREACHABLE_CODE = YES;
				CLANG_WARN__DUPLICATE_METHOD_MATCH = YES;
				COPY_PHASE_STRIP = NO;
				DEBUG_INFORMATION_FORMAT = dwarf;
				ENABLE_STRICT_OBJC_MSGSEND = YES;
				ENABLE_TESTABILITY = YES;
				GCC_C_LANGUAGE_STANDARD = gnu11;
				GCC_DYNAMIC_NO_PIC = NO;
				GCC_NO_COMMON_BLOCKS = YES;
				GCC_OPTIMIZATION_LEVEL = 0;
				GCC_PREPROCESSOR_DEFINITIONS = (
					"DEBUG=1",
					"$(inherited)",
				);
				GCC_WARN_64_TO_32_BIT_CONVERSION = YES;
				GCC_WARN_ABOUT_RETURN_TYPE = YES_ERROR;
				GCC_WARN_UNDECLARED_SELECTOR = YES;
				GCC_WARN_UNINITIALIZED_AUTOS = YES_AGGRESSIVE;
				GCC_WARN_UNUSED_FUNCTION = YES;
				GCC_WARN_UNUSED_VARIABLE = YES;
				IPHONEOS_DEPLOYMENT_TARGET = 13.2;
				MTL_ENABLE_DEBUG_INFO = INCLUDE_SOURCE;
				MTL_FAST_MATH = YES;
				ONLY_ACTIVE_ARCH = YES;
				SDKROOT = iphoneos;
				SWIFT_ACTIVE_COMPILATION_CONDITIONS = DEBUG;
				SWIFT_OPTIMIZATION_LEVEL = "-Onone";
			};
			name = Debug;
		};
		36E85C5F24532D5400D3B151 /* Release */ = {
			isa = XCBuildConfiguration;
			buildSettings = {
				ALWAYS_SEARCH_USER_PATHS = NO;
				CLANG_ANALYZER_NONNULL = YES;
				CLANG_ANALYZER_NUMBER_OBJECT_CONVERSION = YES_AGGRESSIVE;
				CLANG_CXX_LANGUAGE_STANDARD = "gnu++14";
				CLANG_CXX_LIBRARY = "libc++";
				CLANG_ENABLE_MODULES = YES;
				CLANG_ENABLE_OBJC_ARC = YES;
				CLANG_ENABLE_OBJC_WEAK = YES;
				CLANG_WARN_BLOCK_CAPTURE_AUTORELEASING = YES;
				CLANG_WARN_BOOL_CONVERSION = YES;
				CLANG_WARN_COMMA = YES;
				CLANG_WARN_CONSTANT_CONVERSION = YES;
				CLANG_WARN_DEPRECATED_OBJC_IMPLEMENTATIONS = YES;
				CLANG_WARN_DIRECT_OBJC_ISA_USAGE = YES_ERROR;
				CLANG_WARN_DOCUMENTATION_COMMENTS = YES;
				CLANG_WARN_EMPTY_BODY = YES;
				CLANG_WARN_ENUM_CONVERSION = YES;
				CLANG_WARN_INFINITE_RECURSION = YES;
				CLANG_WARN_INT_CONVERSION = YES;
				CLANG_WARN_NON_LITERAL_NULL_CONVERSION = YES;
				CLANG_WARN_OBJC_IMPLICIT_RETAIN_SELF = YES;
				CLANG_WARN_OBJC_LITERAL_CONVERSION = YES;
				CLANG_WARN_OBJC_ROOT_CLASS = YES_ERROR;
				CLANG_WARN_RANGE_LOOP_ANALYSIS = YES;
				CLANG_WARN_STRICT_PROTOTYPES = YES;
				CLANG_WARN_SUSPICIOUS_MOVE = YES;
				CLANG_WARN_UNGUARDED_AVAILABILITY = YES_AGGRESSIVE;
				CLANG_WARN_UNREACHABLE_CODE = YES;
				CLANG_WARN__DUPLICATE_METHOD_MATCH = YES;
				COPY_PHASE_STRIP = NO;
				DEBUG_INFORMATION_FORMAT = "dwarf-with-dsym";
				ENABLE_NS_ASSERTIONS = NO;
				ENABLE_STRICT_OBJC_MSGSEND = YES;
				GCC_C_LANGUAGE_STANDARD = gnu11;
				GCC_NO_COMMON_BLOCKS = YES;
				GCC_WARN_64_TO_32_BIT_CONVERSION = YES;
				GCC_WARN_ABOUT_RETURN_TYPE = YES_ERROR;
				GCC_WARN_UNDECLARED_SELECTOR = YES;
				GCC_WARN_UNINITIALIZED_AUTOS = YES_AGGRESSIVE;
				GCC_WARN_UNUSED_FUNCTION = YES;
				GCC_WARN_UNUSED_VARIABLE = YES;
				IPHONEOS_DEPLOYMENT_TARGET = 13.2;
				MTL_ENABLE_DEBUG_INFO = NO;
				MTL_FAST_MATH = YES;
				SDKROOT = iphoneos;
				SWIFT_COMPILATION_MODE = wholemodule;
				SWIFT_OPTIMIZATION_LEVEL = "-O";
				VALIDATE_PRODUCT = YES;
			};
			name = Release;
		};
		36E85C6124532D5400D3B151 /* Debug */ = {
			isa = XCBuildConfiguration;
			buildSettings = {
				ALWAYS_EMBED_SWIFT_STANDARD_LIBRARIES = YES;
				ASSETCATALOG_COMPILER_APPICON_NAME = AppIcon;
				CODE_SIGN_ENTITLEMENTS = ShareExtension101/ShareExtension101.entitlements;
				CODE_SIGN_STYLE = Automatic;
				DEVELOPMENT_TEAM = 5CZ6MXJL9N;
				INFOPLIST_FILE = ShareExtension101/Info.plist;
				LD_RUNPATH_SEARCH_PATHS = (
					"$(inherited)",
					"@executable_path/Frameworks",
				);
				PRODUCT_BUNDLE_IDENTIFIER = Pikuda.ShareExtension101;
				PRODUCT_NAME = "$(TARGET_NAME)";
				SWIFT_VERSION = 5.0;
				TARGETED_DEVICE_FAMILY = "1,2";
			};
			name = Debug;
		};
		36E85C6224532D5400D3B151 /* Release */ = {
			isa = XCBuildConfiguration;
			buildSettings = {
				ALWAYS_EMBED_SWIFT_STANDARD_LIBRARIES = YES;
				ASSETCATALOG_COMPILER_APPICON_NAME = AppIcon;
				CODE_SIGN_ENTITLEMENTS = ShareExtension101/ShareExtension101.entitlements;
				CODE_SIGN_STYLE = Automatic;
				DEVELOPMENT_TEAM = 5CZ6MXJL9N;
				INFOPLIST_FILE = ShareExtension101/Info.plist;
				LD_RUNPATH_SEARCH_PATHS = (
					"$(inherited)",
					"@executable_path/Frameworks",
				);
				PRODUCT_BUNDLE_IDENTIFIER = Pikuda.ShareExtension101;
				PRODUCT_NAME = "$(TARGET_NAME)";
				SWIFT_VERSION = 5.0;
				TARGETED_DEVICE_FAMILY = "1,2";
			};
			name = Release;
		};
		36E85C7324532EA800D3B151 /* Debug */ = {
			isa = XCBuildConfiguration;
			buildSettings = {
				CODE_SIGN_ENTITLEMENTS = ShareExtension101Share/ShareExtension101Share.entitlements;
				CODE_SIGN_STYLE = Automatic;
				DEVELOPMENT_TEAM = 5CZ6MXJL9N;
				INFOPLIST_FILE = ShareExtension101Share/Info.plist;
				LD_RUNPATH_SEARCH_PATHS = (
					"$(inherited)",
					"@executable_path/Frameworks",
					"@executable_path/../../Frameworks",
				);
				PRODUCT_BUNDLE_IDENTIFIER = Pikuda.ShareExtension101.ShareExtension101Share;
				PRODUCT_NAME = "$(TARGET_NAME)";
				SKIP_INSTALL = YES;
				SWIFT_VERSION = 5.0;
				TARGETED_DEVICE_FAMILY = "1,2";
			};
			name = Debug;
		};
		36E85C7424532EA800D3B151 /* Release */ = {
			isa = XCBuildConfiguration;
			buildSettings = {
				CODE_SIGN_ENTITLEMENTS = ShareExtension101Share/ShareExtension101Share.entitlements;
				CODE_SIGN_STYLE = Automatic;
				DEVELOPMENT_TEAM = 5CZ6MXJL9N;
				INFOPLIST_FILE = ShareExtension101Share/Info.plist;
				LD_RUNPATH_SEARCH_PATHS = (
					"$(inherited)",
					"@executable_path/Frameworks",
					"@executable_path/../../Frameworks",
				);
				PRODUCT_BUNDLE_IDENTIFIER = Pikuda.ShareExtension101.ShareExtension101Share;
				PRODUCT_NAME = "$(TARGET_NAME)";
				SKIP_INSTALL = YES;
				SWIFT_VERSION = 5.0;
				TARGETED_DEVICE_FAMILY = "1,2";
			};
			name = Release;
		};
/* End XCBuildConfiguration section */

/* Begin XCConfigurationList section */
		36E85C4724532D5300D3B151 /* Build configuration list for PBXProject "ShareExtension101" */ = {
			isa = XCConfigurationList;
			buildConfigurations = (
				36E85C5E24532D5400D3B151 /* Debug */,
				36E85C5F24532D5400D3B151 /* Release */,
			);
			defaultConfigurationIsVisible = 0;
			defaultConfigurationName = Release;
		};
		36E85C6024532D5400D3B151 /* Build configuration list for PBXNativeTarget "ShareExtension101" */ = {
			isa = XCConfigurationList;
			buildConfigurations = (
				36E85C6124532D5400D3B151 /* Debug */,
				36E85C6224532D5400D3B151 /* Release */,
			);
			defaultConfigurationIsVisible = 0;
			defaultConfigurationName = Release;
		};
		36E85C7524532EA800D3B151 /* Build configuration list for PBXNativeTarget "ShareExtension101Share" */ = {
			isa = XCConfigurationList;
			buildConfigurations = (
				36E85C7324532EA800D3B151 /* Debug */,
				36E85C7424532EA800D3B151 /* Release */,
			);
			defaultConfigurationIsVisible = 0;
			defaultConfigurationName = Release;
		};
/* End XCConfigurationList section */
	};
	rootObject = 36E85C4424532D5300D3B151 /* Project object */;
}
